
Microsoft Visual Studio Solution File, Format Version 12.00
# Visual Studio Version 16
VisualStudioVersion = 16.0.30104.148
MinimumVisualStudioVersion = 10.0.40219.1
Project("{9A19103F-16F7-4668-BE54-9A1E7A4F7556}") = "StudyProgramManagement", "StudyProgramManagement\StudyProgramManagement.csproj", "{739C7C8D-0CA1-4844-8D21-4C563F85A622}"
EndProject
Project("{2150E333-8FDC-42A3-9474-1A3956D46DE8}") = "Presentation", "Presentation", "{521E59F8-3B18-4478-BED7-F2255F03B10A}"
EndProject
Project("{2150E333-8FDC-42A3-9474-1A3956D46DE8}") = "Libralies", "Libralies", "{40C73778-3639-47F4-B533-7B57ABF07373}"
EndProject
Project("{2150E333-8FDC-42A3-9474-1A3956D46DE8}") = "Plugins", "Plugins", "{51A9F0C9-99D9-423D-BC1B-12D096D331F0}"
EndProject
Project("{2150E333-8FDC-42A3-9474-1A3956D46DE8}") = "Tests", "Tests", "{A3F756B3-30C0-43AD-8579-E3A6E513285B}"
EndProject
Project("{9A19103F-16F7-4668-BE54-9A1E7A4F7556}") = "Lib.Common", "Lib.Common\Lib.Common.csproj", "{793B186F-5F25-4D77-B8AE-BB0A37067241}"
EndProject
Project("{9A19103F-16F7-4668-BE54-9A1E7A4F7556}") = "Lib.Core", "Lib.Core\Lib.Core.csproj", "{7D0E5DFF-EA28-4F27-8773-81807C6E14BE}"
EndProject
Project("{9A19103F-16F7-4668-BE54-9A1E7A4F7556}") = "Lib.Service", "Lib.Service\Lib.Service.csproj", "{4831987D-4829-4210-95E6-F80764F34E30}"
EndProject
Project("{9A19103F-16F7-4668-BE54-9A1E7A4F7556}") = "SPMDBInitialize", "TenantDBInitialize\SPMDBInitialize.csproj", "{38479D64-D35B-4F10-9117-8A3643EE640C}"
EndProject
Global
	GlobalSection(SolutionConfigurationPlatforms) = preSolution
		Debug|Any CPU = Debug|Any CPU
		Release|Any CPU = Release|Any CPU
	EndGlobalSection
	GlobalSection(ProjectConfigurationPlatforms) = postSolution
		{739C7C8D-0CA1-4844-8D21-4C563F85A622}.Debug|Any CPU.ActiveCfg = Debug|Any CPU
		{739C7C8D-0CA1-4844-8D21-4C563F85A622}.Debug|Any CPU.Build.0 = Debug|Any CPU
		{739C7C8D-0CA1-4844-8D21-4C563F85A622}.Release|Any CPU.ActiveCfg = Release|Any CPU
		{739C7C8D-0CA1-4844-8D21-4C563F85A622}.Release|Any CPU.Build.0 = Release|Any CPU
		{793B186F-5F25-4D77-B8AE-BB0A37067241}.Debug|Any CPU.ActiveCfg = Debug|Any CPU
		{793B186F-5F25-4D77-B8AE-BB0A37067241}.Debug|Any CPU.Build.0 = Debug|Any CPU
		{793B186F-5F25-4D77-B8AE-BB0A37067241}.Release|Any CPU.ActiveCfg = Release|Any CPU
		{793B186F-5F25-4D77-B8AE-BB0A37067241}.Release|Any CPU.Build.0 = Release|Any CPU
		{7D0E5DFF-EA28-4F27-8773-81807C6E14BE}.Debug|Any CPU.ActiveCfg = Debug|Any CPU
		{7D0E5DFF-EA28-4F27-8773-81807C6E14BE}.Debug|Any CPU.Build.0 = Debug|Any CPU
		{7D0E5DFF-EA28-4F27-8773-81807C6E14BE}.Release|Any CPU.ActiveCfg = Release|Any CPU
		{7D0E5DFF-EA28-4F27-8773-81807C6E14BE}.Release|Any CPU.Build.0 = Release|Any CPU
		{4831987D-4829-4210-95E6-F80764F34E30}.Debug|Any CPU.ActiveCfg = Debug|Any CPU
		{4831987D-4829-4210-95E6-F80764F34E30}.Debug|Any CPU.Build.0 = Debug|Any CPU
		{4831987D-4829-4210-95E6-F80764F34E30}.Release|Any CPU.ActiveCfg = Release|Any CPU
		{4831987D-4829-4210-95E6-F80764F34E30}.Release|Any CPU.Build.0 = Release|Any CPU
		{38479D64-D35B-4F10-9117-8A3643EE640C}.Debug|Any CPU.ActiveCfg = Debug|Any CPU
		{38479D64-D35B-4F10-9117-8A3643EE640C}.Debug|Any CPU.Build.0 = Debug|Any CPU
		{38479D64-D35B-4F10-9117-8A3643EE640C}.Release|Any CPU.ActiveCfg = Release|Any CPU
		{38479D64-D35B-4F10-9117-8A3643EE640C}.Release|Any CPU.Build.0 = Release|Any CPU
	EndGlobalSection
	GlobalSection(SolutionProperties) = preSolution
		HideSolutionNode = FALSE
	EndGlobalSection
	GlobalSection(NestedProjects) = preSolution
		{739C7C8D-0CA1-4844-8D21-4C563F85A622} = {521E59F8-3B18-4478-BED7-F2255F03B10A}
		{793B186F-5F25-4D77-B8AE-BB0A37067241} = {40C73778-3639-47F4-B533-7B57ABF07373}
		{7D0E5DFF-EA28-4F27-8773-81807C6E14BE} = {40C73778-3639-47F4-B533-7B57ABF07373}
		{4831987D-4829-4210-95E6-F80764F34E30} = {40C73778-3639-47F4-B533-7B57ABF07373}
		{38479D64-D35B-4F10-9117-8A3643EE640C} = {521E59F8-3B18-4478-BED7-F2255F03B10A}
	EndGlobalSection
	GlobalSection(ExtensibilityGlobals) = postSolution
		SolutionGuid = {0286AEA4-DFF2-433C-A48B-8E6E050AD75C}
	EndGlobalSection
EndGlobal
